
Microsoft Visual Studio Solution File, Format Version 12.00
# Visual Studio 2012
Project("{FAE04EC0-301F-11D3-BF4B-00C04F79EFBC}") = "Onvif", "Onvif\Onvif.csproj", "{8A8D82DE-0D1A-4CFF-A87E-F4BDC42E2B7E}"
EndProject
Project("{FAE04EC0-301F-11D3-BF4B-00C04F79EFBC}") = "OnvifService", "OnvifService\OnvifService.csproj", "{D4663C16-20EA-444E-8061-53F625D200E8}"
EndProject
Project("{FAE04EC0-301F-11D3-BF4B-00C04F79EFBC}") = "OnvifClient", "OnvifClient\OnvifClient.csproj", "{912B60BF-3798-4014-9D4C-B5D19BC4F7A7}"
EndProject
Global
	GlobalSection(SolutionConfigurationPlatforms) = preSolution
		Debug|x86 = Debug|x86
		Release|x86 = Release|x86
	EndGlobalSection
	GlobalSection(ProjectConfigurationPlatforms) = postSolution
		{8A8D82DE-0D1A-4CFF-A87E-F4BDC42E2B7E}.Debug|x86.ActiveCfg = Debug|Any CPU
		{8A8D82DE-0D1A-4CFF-A87E-F4BDC42E2B7E}.Debug|x86.Build.0 = Debug|Any CPU
		{8A8D82DE-0D1A-4CFF-A87E-F4BDC42E2B7E}.Release|x86.ActiveCfg = Release|Any CPU
		{8A8D82DE-0D1A-4CFF-A87E-F4BDC42E2B7E}.Release|x86.Build.0 = Release|Any CPU
		{D4663C16-20EA-444E-8061-53F625D200E8}.Debug|x86.ActiveCfg = Debug|x86
		{D4663C16-20EA-444E-8061-53F625D200E8}.Debug|x86.Build.0 = Debug|x86
		{D4663C16-20EA-444E-8061-53F625D200E8}.Release|x86.ActiveCfg = Release|x86
		{D4663C16-20EA-444E-8061-53F625D200E8}.Release|x86.Build.0 = Release|x86
		{912B60BF-3798-4014-9D4C-B5D19BC4F7A7}.Debug|x86.ActiveCfg = Debug|x86
		{912B60BF-3798-4014-9D4C-B5D19BC4F7A7}.Debug|x86.Build.0 = Debug|x86
		{912B60BF-3798-4014-9D4C-B5D19BC4F7A7}.Release|x86.ActiveCfg = Release|x86
		{912B60BF-3798-4014-9D4C-B5D19BC4F7A7}.Release|x86.Build.0 = Release|x86
	EndGlobalSection
EndGlobal
